// !$*UTF8*$!
{
	archiveVersion = 1;
	classes = {
	};
	objectVersion = 56;
	objects = {

/* Begin PBXBuildFile section */
		8EC9EB6F2B037F2D0087A565 /* Assets.xcassets in Resources */ = {isa = PBXBuildFile; fileRef = 8EC9EB652B037F2D0087A565 /* Assets.xcassets */; };
		8EC9EB702B037F2D0087A565 /* LaunchScreen.storyboard in Resources */ = {isa = PBXBuildFile; fileRef = 8EC9EB662B037F2D0087A565 /* LaunchScreen.storyboard */; };
		8EC9EB732B037F2D0087A565 /* AppDelegate.swift in Sources */ = {isa = PBXBuildFile; fileRef = 8EC9EB6C2B037F2D0087A565 /* AppDelegate.swift */; };
		8EC9EB782B037F3D0087A565 /* TestbedTests.swift in Sources */ = {isa = PBXBuildFile; fileRef = 8EC9EB772B037F3D0087A565 /* TestbedTests.swift */; };
		8EC9EB802B03862B0087A565 /* UIPlugin.swift in Sources */ = {isa = PBXBuildFile; fileRef = 8EC9EB7E2B0385060087A565 /* UIPlugin.swift */; };
		8EC9EB822B038CDB0087A565 /* GraphingCalculatorViewController.swift in Sources */ = {isa = PBXBuildFile; fileRef = 8EC9EB812B038CDB0087A565 /* GraphingCalculatorViewController.swift */; };
		8EC9EB842B038F590087A565 /* GraphingPlugin.swift in Sources */ = {isa = PBXBuildFile; fileRef = 8EC9EB832B038F590087A565 /* GraphingPlugin.swift */; };
		8EC9EB892B0395120087A565 /* GlobalScope.swift in Sources */ = {isa = PBXBuildFile; fileRef = 8EC9EB882B0395120087A565 /* GlobalScope.swift */; };
		8EC9EB8B2B039AAA0087A565 /* UI.swift in Sources */ = {isa = PBXBuildFile; fileRef = 8EC9EB8A2B039AAA0087A565 /* UI.swift */; };
		8ED706282B03A0CE0058BF87 /* GeometryPlugin.swift in Sources */ = {isa = PBXBuildFile; fileRef = 8ED706272B03A0CE0058BF87 /* GeometryPlugin.swift */; };
		8ED7062D2B03B5500058BF87 /* GeometryCalculatorViewController.swift in Sources */ = {isa = PBXBuildFile; fileRef = 8ED7062C2B03B5500058BF87 /* GeometryCalculatorViewController.swift */; };
		8EFA43032B04A4E000B9CD74 /* TabUIPlugin.swift in Sources */ = {isa = PBXBuildFile; fileRef = 8EFA43022B04A4E000B9CD74 /* TabUIPlugin.swift */; };
		8EFA43042B04A60B00B9CD74 /* Plugins.framework in Frameworks */ = {isa = PBXBuildFile; fileRef = 8EC9EB7A2B037F830087A565 /* Plugins.framework */; };
		8EFA43052B04A60B00B9CD74 /* Plugins.framework in Embed Frameworks */ = {isa = PBXBuildFile; fileRef = 8EC9EB7A2B037F830087A565 /* Plugins.framework */; settings = {ATTRIBUTES = (CodeSignOnCopy, RemoveHeadersOnCopy, ); }; };
		8EFA43092B04B3C400B9CD74 /* AppSwitcherPlugin.swift in Sources */ = {isa = PBXBuildFile; fileRef = 8EFA43082B04B3C400B9CD74 /* AppSwitcherPlugin.swift */; };
		8EFA430B2B04B60000B9CD74 /* AppSwitcherViewController.swift in Sources */ = {isa = PBXBuildFile; fileRef = 8EFA430A2B04B60000B9CD74 /* AppSwitcherViewController.swift */; };
		8EFC49302B0F586200E9E6E5 /* ExamPlugin.swift in Sources */ = {isa = PBXBuildFile; fileRef = 8EFC492F2B0F586200E9E6E5 /* ExamPlugin.swift */; };
/* End PBXBuildFile section */

/* Begin PBXContainerItemProxy section */
		8EC9EB2E2B037E7D0087A565 /* PBXContainerItemProxy */ = {
			isa = PBXContainerItemProxy;
			containerPortal = 8EC9EB0F2B037E7C0087A565 /* Project object */;
			proxyType = 1;
			remoteGlobalIDString = 8EC9EB162B037E7C0087A565;
			remoteInfo = Testbed;
		};
/* End PBXContainerItemProxy section */

/* Begin PBXCopyFilesBuildPhase section */
		8EFA43062B04A60B00B9CD74 /* Embed Frameworks */ = {
			isa = PBXCopyFilesBuildPhase;
			buildActionMask = 2147483647;
			dstPath = "";
			dstSubfolderSpec = 10;
			files = (
				8EFA43052B04A60B00B9CD74 /* Plugins.framework in Embed Frameworks */,
			);
			name = "Embed Frameworks";
			runOnlyForDeploymentPostprocessing = 0;
		};
/* End PBXCopyFilesBuildPhase section */

/* Begin PBXFileReference section */
		8EC9EB172B037E7C0087A565 /* Testbed.app */ = {isa = PBXFileReference; explicitFileType = wrapper.application; includeInIndex = 0; path = Testbed.app; sourceTree = BUILT_PRODUCTS_DIR; };
		8EC9EB2D2B037E7D0087A565 /* Tests.xctest */ = {isa = PBXFileReference; explicitFileType = wrapper.cfbundle; includeInIndex = 0; path = Tests.xctest; sourceTree = BUILT_PRODUCTS_DIR; };
		8EC9EB652B037F2D0087A565 /* Assets.xcassets */ = {isa = PBXFileReference; lastKnownFileType = folder.assetcatalog; path = Assets.xcassets; sourceTree = "<group>"; };
		8EC9EB672B037F2D0087A565 /* Base */ = {isa = PBXFileReference; lastKnownFileType = file.storyboard; name = Base; path = Base.lproj/LaunchScreen.storyboard; sourceTree = "<group>"; };
		8EC9EB6C2B037F2D0087A565 /* AppDelegate.swift */ = {isa = PBXFileReference; fileEncoding = 4; lastKnownFileType = sourcecode.swift; path = AppDelegate.swift; sourceTree = "<group>"; };
		8EC9EB6E2B037F2D0087A565 /* Info.plist */ = {isa = PBXFileReference; fileEncoding = 4; lastKnownFileType = text.plist.xml; path = Info.plist; sourceTree = "<group>"; };
		8EC9EB772B037F3D0087A565 /* TestbedTests.swift */ = {isa = PBXFileReference; fileEncoding = 4; lastKnownFileType = sourcecode.swift; path = TestbedTests.swift; sourceTree = "<group>"; };
		8EC9EB7A2B037F830087A565 /* Plugins.framework */ = {isa = PBXFileReference; explicitFileType = wrapper.framework; path = Plugins.framework; sourceTree = BUILT_PRODUCTS_DIR; };
		8EC9EB7E2B0385060087A565 /* UIPlugin.swift */ = {isa = PBXFileReference; lastKnownFileType = sourcecode.swift; path = UIPlugin.swift; sourceTree = "<group>"; };
		8EC9EB812B038CDB0087A565 /* GraphingCalculatorViewController.swift */ = {isa = PBXFileReference; lastKnownFileType = sourcecode.swift; path = GraphingCalculatorViewController.swift; sourceTree = "<group>"; };
		8EC9EB832B038F590087A565 /* GraphingPlugin.swift */ = {isa = PBXFileReference; lastKnownFileType = sourcecode.swift; path = GraphingPlugin.swift; sourceTree = "<group>"; };
		8EC9EB882B0395120087A565 /* GlobalScope.swift */ = {isa = PBXFileReference; lastKnownFileType = sourcecode.swift; path = GlobalScope.swift; sourceTree = "<group>"; };
		8EC9EB8A2B039AAA0087A565 /* UI.swift */ = {isa = PBXFileReference; lastKnownFileType = sourcecode.swift; path = UI.swift; sourceTree = "<group>"; };
		8ED706272B03A0CE0058BF87 /* GeometryPlugin.swift */ = {isa = PBXFileReference; lastKnownFileType = sourcecode.swift; path = GeometryPlugin.swift; sourceTree = "<group>"; };
		8ED7062C2B03B5500058BF87 /* GeometryCalculatorViewController.swift */ = {isa = PBXFileReference; lastKnownFileType = sourcecode.swift; path = GeometryCalculatorViewController.swift; sourceTree = "<group>"; };
		8EFA43022B04A4E000B9CD74 /* TabUIPlugin.swift */ = {isa = PBXFileReference; lastKnownFileType = sourcecode.swift; path = TabUIPlugin.swift; sourceTree = "<group>"; };
		8EFA43082B04B3C400B9CD74 /* AppSwitcherPlugin.swift */ = {isa = PBXFileReference; lastKnownFileType = sourcecode.swift; path = AppSwitcherPlugin.swift; sourceTree = "<group>"; };
		8EFA430A2B04B60000B9CD74 /* AppSwitcherViewController.swift */ = {isa = PBXFileReference; lastKnownFileType = sourcecode.swift; path = AppSwitcherViewController.swift; sourceTree = "<group>"; };
		8EFC492F2B0F586200E9E6E5 /* ExamPlugin.swift */ = {isa = PBXFileReference; lastKnownFileType = sourcecode.swift; path = ExamPlugin.swift; sourceTree = "<group>"; };
/* End PBXFileReference section */

/* Begin PBXFrameworksBuildPhase section */
		8EC9EB142B037E7C0087A565 /* Frameworks */ = {
			isa = PBXFrameworksBuildPhase;
			buildActionMask = 2147483647;
			files = (
				8EFA43042B04A60B00B9CD74 /* Plugins.framework in Frameworks */,
			);
			runOnlyForDeploymentPostprocessing = 0;
		};
		8EC9EB2A2B037E7D0087A565 /* Frameworks */ = {
			isa = PBXFrameworksBuildPhase;
			buildActionMask = 2147483647;
			files = (
			);
			runOnlyForDeploymentPostprocessing = 0;
		};
/* End PBXFrameworksBuildPhase section */

/* Begin PBXGroup section */
		8EC9EB0E2B037E7C0087A565 = {
			isa = PBXGroup;
			children = (
				8EC9EB6A2B037F2D0087A565 /* Source */,
				8EC9EB642B037F2D0087A565 /* Resources */,
				8EC9EB762B037F3D0087A565 /* Tests */,
				8EC9EB7C2B037FE00087A565 /* Supporting Files */,
				8EC9EB182B037E7C0087A565 /* Products */,
				8EC9EB792B037F830087A565 /* Frameworks */,
			);
			sourceTree = "<group>";
		};
		8EC9EB182B037E7C0087A565 /* Products */ = {
			isa = PBXGroup;
			children = (
				8EC9EB172B037E7C0087A565 /* Testbed.app */,
				8EC9EB2D2B037E7D0087A565 /* Tests.xctest */,
			);
			name = Products;
			sourceTree = "<group>";
		};
		8EC9EB642B037F2D0087A565 /* Resources */ = {
			isa = PBXGroup;
			children = (
				8EC9EB652B037F2D0087A565 /* Assets.xcassets */,
				8EC9EB662B037F2D0087A565 /* LaunchScreen.storyboard */,
			);
			path = Resources;
			sourceTree = "<group>";
		};
		8EC9EB6A2B037F2D0087A565 /* Source */ = {
			isa = PBXGroup;
			children = (
				8EC9EB6C2B037F2D0087A565 /* AppDelegate.swift */,
				8EC9EB882B0395120087A565 /* GlobalScope.swift */,
				8EC9EB8A2B039AAA0087A565 /* UI.swift */,
				8EC9EB7D2B0384EC0087A565 /* Plugins */,
			);
			path = Source;
			sourceTree = "<group>";
		};
		8EC9EB762B037F3D0087A565 /* Tests */ = {
			isa = PBXGroup;
			children = (
				8EC9EB772B037F3D0087A565 /* TestbedTests.swift */,
			);
			path = Tests;
			sourceTree = "<group>";
		};
		8EC9EB792B037F830087A565 /* Frameworks */ = {
			isa = PBXGroup;
			children = (
				8EC9EB7A2B037F830087A565 /* Plugins.framework */,
			);
			name = Frameworks;
			sourceTree = "<group>";
		};
		8EC9EB7C2B037FE00087A565 /* Supporting Files */ = {
			isa = PBXGroup;
			children = (
				8EC9EB6E2B037F2D0087A565 /* Info.plist */,
			);
			path = "Supporting Files";
			sourceTree = "<group>";
		};
		8EC9EB7D2B0384EC0087A565 /* Plugins */ = {
			isa = PBXGroup;
			children = (
				8ED7062B2B03B35D0058BF87 /* UI */,
				8EFA43072B04B3A900B9CD74 /* AppSwitcher */,
				8EFC492E2B0F4ADD00E9E6E5 /* Exam */,
				8ED706262B03A0A00058BF87 /* Geometry */,
				8EC9EB852B03916E0087A565 /* Graphing */,
			);
			path = Plugins;
			sourceTree = "<group>";
		};
		8EC9EB852B03916E0087A565 /* Graphing */ = {
			isa = PBXGroup;
			children = (
				8EC9EB832B038F590087A565 /* GraphingPlugin.swift */,
				8EC9EB812B038CDB0087A565 /* GraphingCalculatorViewController.swift */,
			);
			path = Graphing;
			sourceTree = "<group>";
		};
		8ED706262B03A0A00058BF87 /* Geometry */ = {
			isa = PBXGroup;
			children = (
				8ED706272B03A0CE0058BF87 /* GeometryPlugin.swift */,
				8ED7062C2B03B5500058BF87 /* GeometryCalculatorViewController.swift */,
			);
			path = Geometry;
			sourceTree = "<group>";
		};
		8ED7062B2B03B35D0058BF87 /* UI */ = {
			isa = PBXGroup;
			children = (
				8EC9EB7E2B0385060087A565 /* UIPlugin.swift */,
				8EFA43022B04A4E000B9CD74 /* TabUIPlugin.swift */,
			);
			path = UI;
			sourceTree = "<group>";
		};
		8EFA43072B04B3A900B9CD74 /* AppSwitcher */ = {
			isa = PBXGroup;
			children = (
				8EFA43082B04B3C400B9CD74 /* AppSwitcherPlugin.swift */,
				8EFA430A2B04B60000B9CD74 /* AppSwitcherViewController.swift */,
			);
			path = AppSwitcher;
			sourceTree = "<group>";
		};
		8EFC492E2B0F4ADD00E9E6E5 /* Exam */ = {
			isa = PBXGroup;
			children = (
				8EFC492F2B0F586200E9E6E5 /* ExamPlugin.swift */,
			);
			path = Exam;
			sourceTree = "<group>";
		};
/* End PBXGroup section */

/* Begin PBXNativeTarget section */
		8EC9EB162B037E7C0087A565 /* Testbed */ = {
			isa = PBXNativeTarget;
			buildConfigurationList = 8EC9EB412B037E7E0087A565 /* Build configuration list for PBXNativeTarget "Testbed" */;
			buildPhases = (
				8EC9EB132B037E7C0087A565 /* Sources */,
				8EC9EB142B037E7C0087A565 /* Frameworks */,
				8EC9EB152B037E7C0087A565 /* Resources */,
				8EFA43062B04A60B00B9CD74 /* Embed Frameworks */,
			);
			buildRules = (
			);
			dependencies = (
			);
			name = Testbed;
			productName = Testbed;
			productReference = 8EC9EB172B037E7C0087A565 /* Testbed.app */;
			productType = "com.apple.product-type.application";
		};
		8EC9EB2C2B037E7D0087A565 /* Tests */ = {
			isa = PBXNativeTarget;
			buildConfigurationList = 8EC9EB442B037E7E0087A565 /* Build configuration list for PBXNativeTarget "Tests" */;
			buildPhases = (
				8EC9EB292B037E7D0087A565 /* Sources */,
				8EC9EB2A2B037E7D0087A565 /* Frameworks */,
				8EC9EB2B2B037E7D0087A565 /* Resources */,
			);
			buildRules = (
			);
			dependencies = (
				8EC9EB2F2B037E7D0087A565 /* PBXTargetDependency */,
			);
			name = Tests;
			productName = TestbedTests;
			productReference = 8EC9EB2D2B037E7D0087A565 /* Tests.xctest */;
			productType = "com.apple.product-type.bundle.unit-test";
		};
/* End PBXNativeTarget section */

/* Begin PBXProject section */
		8EC9EB0F2B037E7C0087A565 /* Project object */ = {
			isa = PBXProject;
			attributes = {
				BuildIndependentTargetsInParallel = 1;
				LastSwiftUpdateCheck = 1430;
				LastUpgradeCheck = 1430;
				TargetAttributes = {
					8EC9EB162B037E7C0087A565 = {
						CreatedOnToolsVersion = 14.3.1;
					};
					8EC9EB2C2B037E7D0087A565 = {
						CreatedOnToolsVersion = 14.3.1;
						TestTargetID = 8EC9EB162B037E7C0087A565;
					};
				};
			};
			buildConfigurationList = 8EC9EB122B037E7C0087A565 /* Build configuration list for PBXProject "Testbed" */;
			compatibilityVersion = "Xcode 14.0";
			developmentRegion = en;
			hasScannedForEncodings = 0;
			knownRegions = (
				en,
				Base,
			);
			mainGroup = 8EC9EB0E2B037E7C0087A565;
			productRefGroup = 8EC9EB182B037E7C0087A565 /* Products */;
			projectDirPath = "";
			projectRoot = "";
			targets = (
				8EC9EB162B037E7C0087A565 /* Testbed */,
				8EC9EB2C2B037E7D0087A565 /* Tests */,
			);
		};
/* End PBXProject section */

/* Begin PBXResourcesBuildPhase section */
		8EC9EB152B037E7C0087A565 /* Resources */ = {
			isa = PBXResourcesBuildPhase;
			buildActionMask = 2147483647;
			files = (
				8EC9EB6F2B037F2D0087A565 /* Assets.xcassets in Resources */,
				8EC9EB702B037F2D0087A565 /* LaunchScreen.storyboard in Resources */,
			);
			runOnlyForDeploymentPostprocessing = 0;
		};
		8EC9EB2B2B037E7D0087A565 /* Resources */ = {
			isa = PBXResourcesBuildPhase;
			buildActionMask = 2147483647;
			files = (
			);
			runOnlyForDeploymentPostprocessing = 0;
		};
/* End PBXResourcesBuildPhase section */

/* Begin PBXSourcesBuildPhase section */
		8EC9EB132B037E7C0087A565 /* Sources */ = {
			isa = PBXSourcesBuildPhase;
			buildActionMask = 2147483647;
			files = (
				8EC9EB8B2B039AAA0087A565 /* UI.swift in Sources */,
				8EFC49302B0F586200E9E6E5 /* ExamPlugin.swift in Sources */,
				8EC9EB732B037F2D0087A565 /* AppDelegate.swift in Sources */,
				8ED706282B03A0CE0058BF87 /* GeometryPlugin.swift in Sources */,
				8EC9EB842B038F590087A565 /* GraphingPlugin.swift in Sources */,
				8EC9EB822B038CDB0087A565 /* GraphingCalculatorViewController.swift in Sources */,
				8ED7062D2B03B5500058BF87 /* GeometryCalculatorViewController.swift in Sources */,
				8EFA430B2B04B60000B9CD74 /* AppSwitcherViewController.swift in Sources */,
				8EC9EB802B03862B0087A565 /* UIPlugin.swift in Sources */,
				8EFA43092B04B3C400B9CD74 /* AppSwitcherPlugin.swift in Sources */,
				8EFA43032B04A4E000B9CD74 /* TabUIPlugin.swift in Sources */,
				8EC9EB892B0395120087A565 /* GlobalScope.swift in Sources */,
			);
			runOnlyForDeploymentPostprocessing = 0;
		};
		8EC9EB292B037E7D0087A565 /* Sources */ = {
			isa = PBXSourcesBuildPhase;
			buildActionMask = 2147483647;
			files = (
				8EC9EB782B037F3D0087A565 /* TestbedTests.swift in Sources */,
			);
			runOnlyForDeploymentPostprocessing = 0;
		};
/* End PBXSourcesBuildPhase section */

/* Begin PBXTargetDependency section */
		8EC9EB2F2B037E7D0087A565 /* PBXTargetDependency */ = {
			isa = PBXTargetDependency;
			target = 8EC9EB162B037E7C0087A565 /* Testbed */;
			targetProxy = 8EC9EB2E2B037E7D0087A565 /* PBXContainerItemProxy */;
		};
/* End PBXTargetDependency section */

/* Begin PBXVariantGroup section */
		8EC9EB662B037F2D0087A565 /* LaunchScreen.storyboard */ = {
			isa = PBXVariantGroup;
			children = (
				8EC9EB672B037F2D0087A565 /* Base */,
			);
			name = LaunchScreen.storyboard;
			sourceTree = "<group>";
		};
/* End PBXVariantGroup section */

/* Begin XCBuildConfiguration section */
		8EC9EB3F2B037E7E0087A565 /* Debug */ = {
			isa = XCBuildConfiguration;
			buildSettings = {
				ALWAYS_SEARCH_USER_PATHS = NO;
				CLANG_ANALYZER_NONNULL = YES;
				CLANG_ANALYZER_NUMBER_OBJECT_CONVERSION = YES_AGGRESSIVE;
				CLANG_CXX_LANGUAGE_STANDARD = "gnu++20";
				CLANG_ENABLE_MODULES = YES;
				CLANG_ENABLE_OBJC_ARC = YES;
				CLANG_ENABLE_OBJC_WEAK = YES;
				CLANG_WARN_BLOCK_CAPTURE_AUTORELEASING = YES;
				CLANG_WARN_BOOL_CONVERSION = YES;
				CLANG_WARN_COMMA = YES;
				CLANG_WARN_CONSTANT_CONVERSION = YES;
				CLANG_WARN_DEPRECATED_OBJC_IMPLEMENTATIONS = YES;
				CLANG_WARN_DIRECT_OBJC_ISA_USAGE = YES_ERROR;
				CLANG_WARN_DOCUMENTATION_COMMENTS = YES;
				CLANG_WARN_EMPTY_BODY = YES;
				CLANG_WARN_ENUM_CONVERSION = YES;
				CLANG_WARN_INFINITE_RECURSION = YES;
				CLANG_WARN_INT_CONVERSION = YES;
				CLANG_WARN_NON_LITERAL_NULL_CONVERSION = YES;
				CLANG_WARN_OBJC_IMPLICIT_RETAIN_SELF = YES;
				CLANG_WARN_OBJC_LITERAL_CONVERSION = YES;
				CLANG_WARN_OBJC_ROOT_CLASS = YES_ERROR;
				CLANG_WARN_QUOTED_INCLUDE_IN_FRAMEWORK_HEADER = YES;
				CLANG_WARN_RANGE_LOOP_ANALYSIS = YES;
				CLANG_WARN_STRICT_PROTOTYPES = YES;
				CLANG_WARN_SUSPICIOUS_MOVE = YES;
				CLANG_WARN_UNGUARDED_AVAILABILITY = YES_AGGRESSIVE;
				CLANG_WARN_UNREACHABLE_CODE = YES;
				CLANG_WARN__DUPLICATE_METHOD_MATCH = YES;
				COPY_PHASE_STRIP = NO;
				DEBUG_INFORMATION_FORMAT = dwarf;
				ENABLE_STRICT_OBJC_MSGSEND = YES;
				ENABLE_TESTABILITY = YES;
				GCC_C_LANGUAGE_STANDARD = gnu11;
				GCC_DYNAMIC_NO_PIC = NO;
				GCC_NO_COMMON_BLOCKS = YES;
				GCC_OPTIMIZATION_LEVEL = 0;
				GCC_PREPROCESSOR_DEFINITIONS = (
					"DEBUG=1",
					"$(inherited)",
				);
				GCC_WARN_64_TO_32_BIT_CONVERSION = YES;
				GCC_WARN_ABOUT_RETURN_TYPE = YES_ERROR;
				GCC_WARN_UNDECLARED_SELECTOR = YES;
				GCC_WARN_UNINITIALIZED_AUTOS = YES_AGGRESSIVE;
				GCC_WARN_UNUSED_FUNCTION = YES;
				GCC_WARN_UNUSED_VARIABLE = YES;
				IPHONEOS_DEPLOYMENT_TARGET = 16.4;
				MTL_ENABLE_DEBUG_INFO = INCLUDE_SOURCE;
				MTL_FAST_MATH = YES;
				ONLY_ACTIVE_ARCH = YES;
				SDKROOT = iphoneos;
				SWIFT_ACTIVE_COMPILATION_CONDITIONS = DEBUG;
				SWIFT_OPTIMIZATION_LEVEL = "-Onone";
			};
			name = Debug;
		};
		8EC9EB402B037E7E0087A565 /* Release */ = {
			isa = XCBuildConfiguration;
			buildSettings = {
				ALWAYS_SEARCH_USER_PATHS = NO;
				CLANG_ANALYZER_NONNULL = YES;
				CLANG_ANALYZER_NUMBER_OBJECT_CONVERSION = YES_AGGRESSIVE;
				CLANG_CXX_LANGUAGE_STANDARD = "gnu++20";
				CLANG_ENABLE_MODULES = YES;
				CLANG_ENABLE_OBJC_ARC = YES;
				CLANG_ENABLE_OBJC_WEAK = YES;
				CLANG_WARN_BLOCK_CAPTURE_AUTORELEASING = YES;
				CLANG_WARN_BOOL_CONVERSION = YES;
				CLANG_WARN_COMMA = YES;
				CLANG_WARN_CONSTANT_CONVERSION = YES;
				CLANG_WARN_DEPRECATED_OBJC_IMPLEMENTATIONS = YES;
				CLANG_WARN_DIRECT_OBJC_ISA_USAGE = YES_ERROR;
				CLANG_WARN_DOCUMENTATION_COMMENTS = YES;
				CLANG_WARN_EMPTY_BODY = YES;
				CLANG_WARN_ENUM_CONVERSION = YES;
				CLANG_WARN_INFINITE_RECURSION = YES;
				CLANG_WARN_INT_CONVERSION = YES;
				CLANG_WARN_NON_LITERAL_NULL_CONVERSION = YES;
				CLANG_WARN_OBJC_IMPLICIT_RETAIN_SELF = YES;
				CLANG_WARN_OBJC_LITERAL_CONVERSION = YES;
				CLANG_WARN_OBJC_ROOT_CLASS = YES_ERROR;
				CLANG_WARN_QUOTED_INCLUDE_IN_FRAMEWORK_HEADER = YES;
				CLANG_WARN_RANGE_LOOP_ANALYSIS = YES;
				CLANG_WARN_STRICT_PROTOTYPES = YES;
				CLANG_WARN_SUSPICIOUS_MOVE = YES;
				CLANG_WARN_UNGUARDED_AVAILABILITY = YES_AGGRESSIVE;
				CLANG_WARN_UNREACHABLE_CODE = YES;
				CLANG_WARN__DUPLICATE_METHOD_MATCH = YES;
				COPY_PHASE_STRIP = NO;
				DEBUG_INFORMATION_FORMAT = "dwarf-with-dsym";
				ENABLE_NS_ASSERTIONS = NO;
				ENABLE_STRICT_OBJC_MSGSEND = YES;
				GCC_C_LANGUAGE_STANDARD = gnu11;
				GCC_NO_COMMON_BLOCKS = YES;
				GCC_WARN_64_TO_32_BIT_CONVERSION = YES;
				GCC_WARN_ABOUT_RETURN_TYPE = YES_ERROR;
				GCC_WARN_UNDECLARED_SELECTOR = YES;
				GCC_WARN_UNINITIALIZED_AUTOS = YES_AGGRESSIVE;
				GCC_WARN_UNUSED_FUNCTION = YES;
				GCC_WARN_UNUSED_VARIABLE = YES;
				IPHONEOS_DEPLOYMENT_TARGET = 16.4;
				MTL_ENABLE_DEBUG_INFO = NO;
				MTL_FAST_MATH = YES;
				SDKROOT = iphoneos;
				SWIFT_COMPILATION_MODE = wholemodule;
				SWIFT_OPTIMIZATION_LEVEL = "-O";
				VALIDATE_PRODUCT = YES;
			};
			name = Release;
		};
		8EC9EB422B037E7E0087A565 /* Debug */ = {
			isa = XCBuildConfiguration;
			buildSettings = {
				ASSETCATALOG_COMPILER_APPICON_NAME = AppIcon;
				ASSETCATALOG_COMPILER_GLOBAL_ACCENT_COLOR_NAME = AccentColor;
				CODE_SIGN_STYLE = Automatic;
				CURRENT_PROJECT_VERSION = 1;
				DEVELOPMENT_TEAM = T9W862P4D2;
				GENERATE_INFOPLIST_FILE = YES;
				INFOPLIST_FILE = "Supporting Files/Info.plist";
				INFOPLIST_KEY_UIApplicationSupportsIndirectInputEvents = YES;
				INFOPLIST_KEY_UILaunchStoryboardName = LaunchScreen.storyboard;
				INFOPLIST_KEY_UISupportedInterfaceOrientations_iPad = "UIInterfaceOrientationPortrait UIInterfaceOrientationPortraitUpsideDown UIInterfaceOrientationLandscapeLeft UIInterfaceOrientationLandscapeRight";
				INFOPLIST_KEY_UISupportedInterfaceOrientations_iPhone = "UIInterfaceOrientationPortrait UIInterfaceOrientationLandscapeLeft UIInterfaceOrientationLandscapeRight";
				IPHONEOS_DEPLOYMENT_TARGET = 16.0;
				LD_RUNPATH_SEARCH_PATHS = (
					"$(inherited)",
					"@executable_path/Frameworks",
				);
				MARKETING_VERSION = 1.0;
				PRODUCT_BUNDLE_IDENTIFIER = org.geogebra.ios.Testbed;
				PRODUCT_NAME = "$(TARGET_NAME)";
				SWIFT_EMIT_LOC_STRINGS = YES;
				SWIFT_VERSION = 5.0;
				TARGETED_DEVICE_FAMILY = "1,2";
			};
			name = Debug;
		};
		8EC9EB432B037E7E0087A565 /* Release */ = {
			isa = XCBuildConfiguration;
			buildSettings = {
				ASSETCATALOG_COMPILER_APPICON_NAME = AppIcon;
				ASSETCATALOG_COMPILER_GLOBAL_ACCENT_COLOR_NAME = AccentColor;
				CODE_SIGN_STYLE = Automatic;
				CURRENT_PROJECT_VERSION = 1;
				DEVELOPMENT_TEAM = T9W862P4D2;
				GENERATE_INFOPLIST_FILE = YES;
				INFOPLIST_FILE = "Supporting Files/Info.plist";
				INFOPLIST_KEY_UIApplicationSupportsIndirectInputEvents = YES;
				INFOPLIST_KEY_UILaunchStoryboardName = LaunchScreen.storyboard;
				INFOPLIST_KEY_UISupportedInterfaceOrientations_iPad = "UIInterfaceOrientationPortrait UIInterfaceOrientationPortraitUpsideDown UIInterfaceOrientationLandscapeLeft UIInterfaceOrientationLandscapeRight";
				INFOPLIST_KEY_UISupportedInterfaceOrientations_iPhone = "UIInterfaceOrientationPortrait UIInterfaceOrientationLandscapeLeft UIInterfaceOrientationLandscapeRight";
				IPHONEOS_DEPLOYMENT_TARGET = 16.0;
				LD_RUNPATH_SEARCH_PATHS = (
					"$(inherited)",
					"@executable_path/Frameworks",
				);
				MARKETING_VERSION = 1.0;
				PRODUCT_BUNDLE_IDENTIFIER = org.geogebra.ios.Testbed;
				PRODUCT_NAME = "$(TARGET_NAME)";
				SWIFT_EMIT_LOC_STRINGS = YES;
				SWIFT_VERSION = 5.0;
				TARGETED_DEVICE_FAMILY = "1,2";
			};
			name = Release;
		};
		8EC9EB452B037E7E0087A565 /* Debug */ = {
			isa = XCBuildConfiguration;
			buildSettings = {
				ALWAYS_EMBED_SWIFT_STANDARD_LIBRARIES = YES;
				BUNDLE_LOADER = "$(TEST_HOST)";
				CODE_SIGN_STYLE = Automatic;
				CURRENT_PROJECT_VERSION = 1;
				DEVELOPMENT_TEAM = T9W862P4D2;
				GENERATE_INFOPLIST_FILE = YES;
				IPHONEOS_DEPLOYMENT_TARGET = 16.4;
				MARKETING_VERSION = 1.0;
				PRODUCT_BUNDLE_IDENTIFIER = org.geogebra.ios.TestbedTests;
				PRODUCT_NAME = "$(TARGET_NAME)";
				SWIFT_EMIT_LOC_STRINGS = NO;
				SWIFT_VERSION = 5.0;
				TARGETED_DEVICE_FAMILY = "1,2";
				TEST_HOST = "$(BUILT_PRODUCTS_DIR)/Testbed.app/$(BUNDLE_EXECUTABLE_FOLDER_PATH)/Testbed";
			};
			name = Debug;
		};
		8EC9EB462B037E7E0087A565 /* Release */ = {
			isa = XCBuildConfiguration;
			buildSettings = {
				ALWAYS_EMBED_SWIFT_STANDARD_LIBRARIES = YES;
				BUNDLE_LOADER = "$(TEST_HOST)";
				CODE_SIGN_STYLE = Automatic;
				CURRENT_PROJECT_VERSION = 1;
				DEVELOPMENT_TEAM = T9W862P4D2;
				GENERATE_INFOPLIST_FILE = YES;
				IPHONEOS_DEPLOYMENT_TARGET = 16.4;
				MARKETING_VERSION = 1.0;
				PRODUCT_BUNDLE_IDENTIFIER = org.geogebra.ios.TestbedTests;
				PRODUCT_NAME = "$(TARGET_NAME)";
				SWIFT_EMIT_LOC_STRINGS = NO;
				SWIFT_VERSION = 5.0;
				TARGETED_DEVICE_FAMILY = "1,2";
				TEST_HOST = "$(BUILT_PRODUCTS_DIR)/Testbed.app/$(BUNDLE_EXECUTABLE_FOLDER_PATH)/Testbed";
			};
			name = Release;
		};
/* End XCBuildConfiguration section */

/* Begin XCConfigurationList section */
		8EC9EB122B037E7C0087A565 /* Build configuration list for PBXProject "Testbed" */ = {
			isa = XCConfigurationList;
			buildConfigurations = (
				8EC9EB3F2B037E7E0087A565 /* Debug */,
				8EC9EB402B037E7E0087A565 /* Release */,
			);
			defaultConfigurationIsVisible = 0;
			defaultConfigurationName = Release;
		};
		8EC9EB412B037E7E0087A565 /* Build configuration list for PBXNativeTarget "Testbed" */ = {
			isa = XCConfigurationList;
			buildConfigurations = (
				8EC9EB422B037E7E0087A565 /* Debug */,
				8EC9EB432B037E7E0087A565 /* Release */,
			);
			defaultConfigurationIsVisible = 0;
			defaultConfigurationName = Release;
		};
		8EC9EB442B037E7E0087A565 /* Build configuration list for PBXNativeTarget "Tests" */ = {
			isa = XCConfigurationList;
			buildConfigurations = (
				8EC9EB452B037E7E0087A565 /* Debug */,
				8EC9EB462B037E7E0087A565 /* Release */,
			);
			defaultConfigurationIsVisible = 0;
			defaultConfigurationName = Release;
		};
/* End XCConfigurationList section */
	};
	rootObject = 8EC9EB0F2B037E7C0087A565 /* Project object */;
}
